
Microsoft Visual Studio Solution File, Format Version 12.00
# Visual Studio Version 17
VisualStudioVersion = 17.11.35312.102
MinimumVisualStudioVersion = 10.0.40219.1
Project("{FAE04EC0-301F-11D3-BF4B-00C04F79EFBC}") = "Pupil", "Pupil\Pupil.csproj", "{4C826328-3E61-4EED-8835-6372ABAFA12F}"
EndProject
Global
	GlobalSection(SolutionConfigurationPlatforms) = preSolution
		Debug|Any CPU = Debug|Any CPU
		Release|Any CPU = Release|Any CPU
	EndGlobalSection
	GlobalSection(ProjectConfigurationPlatforms) = postSolution
		{4C826328-3E61-4EED-8835-6372ABAFA12F}.Debug|Any CPU.ActiveCfg = Debug|Any CPU
		{4C826328-3E61-4EED-8835-6372ABAFA12F}.Debug|Any CPU.Build.0 = Debug|Any CPU
		{4C826328-3E61-4EED-8835-6372ABAFA12F}.Release|Any CPU.ActiveCfg = Release|Any CPU
		{4C826328-3E61-4EED-8835-6372ABAFA12F}.Release|Any CPU.Build.0 = Release|Any CPU
	EndGlobalSection
	GlobalSection(SolutionProperties) = preSolution
		HideSolutionNode = FALSE
	EndGlobalSection
	GlobalSection(ExtensibilityGlobals) = postSolution
		SolutionGuid = {F15096B1-4373-4A3C-B07C-0CC22A896972}
	EndGlobalSection
EndGlobal
